
Microsoft Visual Studio Solution File, Format Version 12.00
# Visual Studio 14
VisualStudioVersion = 14.0.25123.0
MinimumVisualStudioVersion = 10.0.40219.1
Project("{FAE04EC0-301F-11D3-BF4B-00C04F79EFBC}") = "DebuggableService", "DebuggableService\DebuggableService.csproj", "{38EBE914-5286-4822-822F-F248DB63C973}"
EndProject
Project("{FAE04EC0-301F-11D3-BF4B-00C04F79EFBC}") = "DebuggableServiceSetup", "DebuggableServiceSetup\DebuggableServiceSetup.csproj", "{5CE9E1DB-7A1B-4425-BD2E-22E9EB5BB5F4}"
EndProject
Global
	GlobalSection(SolutionConfigurationPlatforms) = preSolution
		Debug|Any CPU = Debug|Any CPU
		Release|Any CPU = Release|Any CPU
	EndGlobalSection
	GlobalSection(ProjectConfigurationPlatforms) = postSolution
		{38EBE914-5286-4822-822F-F248DB63C973}.Debug|Any CPU.ActiveCfg = Debug|Any CPU
		{38EBE914-5286-4822-822F-F248DB63C973}.Debug|Any CPU.Build.0 = Debug|Any CPU
		{38EBE914-5286-4822-822F-F248DB63C973}.Release|Any CPU.ActiveCfg = Release|Any CPU
		{38EBE914-5286-4822-822F-F248DB63C973}.Release|Any CPU.Build.0 = Release|Any CPU
		{5CE9E1DB-7A1B-4425-BD2E-22E9EB5BB5F4}.Debug|Any CPU.ActiveCfg = Debug|Any CPU
		{5CE9E1DB-7A1B-4425-BD2E-22E9EB5BB5F4}.Debug|Any CPU.Build.0 = Debug|Any CPU
		{5CE9E1DB-7A1B-4425-BD2E-22E9EB5BB5F4}.Release|Any CPU.ActiveCfg = Release|Any CPU
		{5CE9E1DB-7A1B-4425-BD2E-22E9EB5BB5F4}.Release|Any CPU.Build.0 = Release|Any CPU
	EndGlobalSection
	GlobalSection(SolutionProperties) = preSolution
		HideSolutionNode = FALSE
	EndGlobalSection
EndGlobal
